// !$*UTF8*$!
{
	archiveVersion = 1;
	classes = {
	};
	objectVersion = 56;
	objects = {

/* Begin PBXBuildFile section */
		955721C12C77E89E00530DA2 /* AppDelegate.swift in Sources */ = {isa = PBXBuildFile; fileRef = 955721C02C77E89E00530DA2 /* AppDelegate.swift */; };
		955721C32C77E89E00530DA2 /* SceneDelegate.swift in Sources */ = {isa = PBXBuildFile; fileRef = 955721C22C77E89E00530DA2 /* SceneDelegate.swift */; };
		955721CD2C77E8A000530DA2 /* LaunchScreen.storyboard in Resources */ = {isa = PBXBuildFile; fileRef = 955721CB2C77E8A000530DA2 /* LaunchScreen.storyboard */; };
		955721D52C77E90300530DA2 /* TabBarViewController.storyboard in Resources */ = {isa = PBXBuildFile; fileRef = 955721D42C77E90300530DA2 /* TabBarViewController.storyboard */; };
		955721D72C77EA8100530DA2 /* Assets.xcassets in Resources */ = {isa = PBXBuildFile; fileRef = 955721D62C77EA8100530DA2 /* Assets.xcassets */; };
		955721DB2C77EB4700530DA2 /* TabbarViewController.swift in Sources */ = {isa = PBXBuildFile; fileRef = 955721DA2C77EB4700530DA2 /* TabbarViewController.swift */; };
		955721DD2C77F0B200530DA2 /* TableViewController.swift in Sources */ = {isa = PBXBuildFile; fileRef = 955721DC2C77F0B200530DA2 /* TableViewController.swift */; };
		955721DF2C77F1DB00530DA2 /* TableViewCustomCell.xib in Resources */ = {isa = PBXBuildFile; fileRef = 955721DE2C77F1DB00530DA2 /* TableViewCustomCell.xib */; };
		955721E12C77F1F000530DA2 /* TableViewCustomCell.swift in Sources */ = {isa = PBXBuildFile; fileRef = 955721E02C77F1F000530DA2 /* TableViewCustomCell.swift */; };
/* End PBXBuildFile section */

/* Begin PBXFileReference section */
		955721BD2C77E89E00530DA2 /* task6revan.app */ = {isa = PBXFileReference; explicitFileType = wrapper.application; includeInIndex = 0; path = task6revan.app; sourceTree = BUILT_PRODUCTS_DIR; };
		955721C02C77E89E00530DA2 /* AppDelegate.swift */ = {isa = PBXFileReference; lastKnownFileType = sourcecode.swift; path = AppDelegate.swift; sourceTree = "<group>"; };
		955721C22C77E89E00530DA2 /* SceneDelegate.swift */ = {isa = PBXFileReference; lastKnownFileType = sourcecode.swift; path = SceneDelegate.swift; sourceTree = "<group>"; };
		955721CC2C77E8A000530DA2 /* Base */ = {isa = PBXFileReference; lastKnownFileType = file.storyboard; name = Base; path = Base.lproj/LaunchScreen.storyboard; sourceTree = "<group>"; };
		955721CE2C77E8A000530DA2 /* Info.plist */ = {isa = PBXFileReference; lastKnownFileType = text.plist.xml; path = Info.plist; sourceTree = "<group>"; };
		955721D42C77E90300530DA2 /* TabBarViewController.storyboard */ = {isa = PBXFileReference; lastKnownFileType = file.storyboard; path = TabBarViewController.storyboard; sourceTree = "<group>"; };
		955721D62C77EA8100530DA2 /* Assets.xcassets */ = {isa = PBXFileReference; lastKnownFileType = folder.assetcatalog; path = Assets.xcassets; sourceTree = "<group>"; };
		955721DA2C77EB4700530DA2 /* TabbarViewController.swift */ = {isa = PBXFileReference; lastKnownFileType = sourcecode.swift; path = TabbarViewController.swift; sourceTree = "<group>"; };
		955721DC2C77F0B200530DA2 /* TableViewController.swift */ = {isa = PBXFileReference; lastKnownFileType = sourcecode.swift; path = TableViewController.swift; sourceTree = "<group>"; };
		955721DE2C77F1DB00530DA2 /* TableViewCustomCell.xib */ = {isa = PBXFileReference; lastKnownFileType = file.xib; path = TableViewCustomCell.xib; sourceTree = "<group>"; };
		955721E02C77F1F000530DA2 /* TableViewCustomCell.swift */ = {isa = PBXFileReference; lastKnownFileType = sourcecode.swift; path = TableViewCustomCell.swift; sourceTree = "<group>"; };
/* End PBXFileReference section */

/* Begin PBXFrameworksBuildPhase section */
		955721BA2C77E89E00530DA2 /* Frameworks */ = {
			isa = PBXFrameworksBuildPhase;
			buildActionMask = 2147483647;
			files = (
			);
			runOnlyForDeploymentPostprocessing = 0;
		};
/* End PBXFrameworksBuildPhase section */

/* Begin PBXGroup section */
		955721B42C77E89E00530DA2 = {
			isa = PBXGroup;
			children = (
				955721BF2C77E89E00530DA2 /* task6revan */,
				955721BE2C77E89E00530DA2 /* Products */,
			);
			sourceTree = "<group>";
		};
		955721BE2C77E89E00530DA2 /* Products */ = {
			isa = PBXGroup;
			children = (
				955721BD2C77E89E00530DA2 /* task6revan.app */,
			);
			name = Products;
			sourceTree = "<group>";
		};
		955721BF2C77E89E00530DA2 /* task6revan */ = {
			isa = PBXGroup;
			children = (
				955721C02C77E89E00530DA2 /* AppDelegate.swift */,
				955721C22C77E89E00530DA2 /* SceneDelegate.swift */,
				955721DA2C77EB4700530DA2 /* TabbarViewController.swift */,
				955721DC2C77F0B200530DA2 /* TableViewController.swift */,
				955721E02C77F1F000530DA2 /* TableViewCustomCell.swift */,
				955721D42C77E90300530DA2 /* TabBarViewController.storyboard */,
				955721DE2C77F1DB00530DA2 /* TableViewCustomCell.xib */,
				955721CB2C77E8A000530DA2 /* LaunchScreen.storyboard */,
				955721CE2C77E8A000530DA2 /* Info.plist */,
				955721D62C77EA8100530DA2 /* Assets.xcassets */,
			);
			path = task6revan;
			sourceTree = "<group>";
		};
/* End PBXGroup section */

/* Begin PBXNativeTarget section */
		955721BC2C77E89E00530DA2 /* task6revan */ = {
			isa = PBXNativeTarget;
			buildConfigurationList = 955721D12C77E8A000530DA2 /* Build configuration list for PBXNativeTarget "task6revan" */;
			buildPhases = (
				955721B92C77E89E00530DA2 /* Sources */,
				955721BA2C77E89E00530DA2 /* Frameworks */,
				955721BB2C77E89E00530DA2 /* Resources */,
			);
			buildRules = (
			);
			dependencies = (
			);
			name = task6revan;
			productName = task6revan;
			productReference = 955721BD2C77E89E00530DA2 /* task6revan.app */;
			productType = "com.apple.product-type.application";
		};
/* End PBXNativeTarget section */

/* Begin PBXProject section */
		955721B52C77E89E00530DA2 /* Project object */ = {
			isa = PBXProject;
			attributes = {
				BuildIndependentTargetsInParallel = 1;
				LastSwiftUpdateCheck = 1500;
				LastUpgradeCheck = 1500;
				TargetAttributes = {
					955721BC2C77E89E00530DA2 = {
						CreatedOnToolsVersion = 15.0;
					};
				};
			};
			buildConfigurationList = 955721B82C77E89E00530DA2 /* Build configuration list for PBXProject "task6revan" */;
			compatibilityVersion = "Xcode 14.0";
			developmentRegion = en;
			hasScannedForEncodings = 0;
			knownRegions = (
				en,
				Base,
			);
			mainGroup = 955721B42C77E89E00530DA2;
			productRefGroup = 955721BE2C77E89E00530DA2 /* Products */;
			projectDirPath = "";
			projectRoot = "";
			targets = (
				955721BC2C77E89E00530DA2 /* task6revan */,
			);
		};
/* End PBXProject section */

/* Begin PBXResourcesBuildPhase section */
		955721BB2C77E89E00530DA2 /* Resources */ = {
			isa = PBXResourcesBuildPhase;
			buildActionMask = 2147483647;
			files = (
				955721D52C77E90300530DA2 /* TabBarViewController.storyboard in Resources */,
				955721D72C77EA8100530DA2 /* Assets.xcassets in Resources */,
				955721DF2C77F1DB00530DA2 /* TableViewCustomCell.xib in Resources */,
				955721CD2C77E8A000530DA2 /* LaunchScreen.storyboard in Resources */,
			);
			runOnlyForDeploymentPostprocessing = 0;
		};
/* End PBXResourcesBuildPhase section */

/* Begin PBXSourcesBuildPhase section */
		955721B92C77E89E00530DA2 /* Sources */ = {
			isa = PBXSourcesBuildPhase;
			buildActionMask = 2147483647;
			files = (
				955721C12C77E89E00530DA2 /* AppDelegate.swift in Sources */,
				955721C32C77E89E00530DA2 /* SceneDelegate.swift in Sources */,
				955721DB2C77EB4700530DA2 /* TabbarViewController.swift in Sources */,
				955721DD2C77F0B200530DA2 /* TableViewController.swift in Sources */,
				955721E12C77F1F000530DA2 /* TableViewCustomCell.swift in Sources */,
			);
			runOnlyForDeploymentPostprocessing = 0;
		};
/* End PBXSourcesBuildPhase section */

/* Begin PBXVariantGroup section */
		955721CB2C77E8A000530DA2 /* LaunchScreen.storyboard */ = {
			isa = PBXVariantGroup;
			children = (
				955721CC2C77E8A000530DA2 /* Base */,
			);
			name = LaunchScreen.storyboard;
			sourceTree = "<group>";
		};
/* End PBXVariantGroup section */

/* Begin XCBuildConfiguration section */
		955721CF2C77E8A000530DA2 /* Debug */ = {
			isa = XCBuildConfiguration;
			buildSettings = {
				ALWAYS_SEARCH_USER_PATHS = NO;
				ASSETCATALOG_COMPILER_GENERATE_SWIFT_ASSET_SYMBOL_EXTENSIONS = YES;
				CLANG_ANALYZER_NONNULL = YES;
				CLANG_ANALYZER_NUMBER_OBJECT_CONVERSION = YES_AGGRESSIVE;
				CLANG_CXX_LANGUAGE_STANDARD = "gnu++20";
				CLANG_ENABLE_MODULES = YES;
				CLANG_ENABLE_OBJC_ARC = YES;
				CLANG_ENABLE_OBJC_WEAK = YES;
				CLANG_WARN_BLOCK_CAPTURE_AUTORELEASING = YES;
				CLANG_WARN_BOOL_CONVERSION = YES;
				CLANG_WARN_COMMA = YES;
				CLANG_WARN_CONSTANT_CONVERSION = YES;
				CLANG_WARN_DEPRECATED_OBJC_IMPLEMENTATIONS = YES;
				CLANG_WARN_DIRECT_OBJC_ISA_USAGE = YES_ERROR;
				CLANG_WARN_DOCUMENTATION_COMMENTS = YES;
				CLANG_WARN_EMPTY_BODY = YES;
				CLANG_WARN_ENUM_CONVERSION = YES;
				CLANG_WARN_INFINITE_RECURSION = YES;
				CLANG_WARN_INT_CONVERSION = YES;
				CLANG_WARN_NON_LITERAL_NULL_CONVERSION = YES;
				CLANG_WARN_OBJC_IMPLICIT_RETAIN_SELF = YES;
				CLANG_WARN_OBJC_LITERAL_CONVERSION = YES;
				CLANG_WARN_OBJC_ROOT_CLASS = YES_ERROR;
				CLANG_WARN_QUOTED_INCLUDE_IN_FRAMEWORK_HEADER = YES;
				CLANG_WARN_RANGE_LOOP_ANALYSIS = YES;
				CLANG_WARN_STRICT_PROTOTYPES = YES;
				CLANG_WARN_SUSPICIOUS_MOVE = YES;
				CLANG_WARN_UNGUARDED_AVAILABILITY = YES_AGGRESSIVE;
				CLANG_WARN_UNREACHABLE_CODE = YES;
				CLANG_WARN__DUPLICATE_METHOD_MATCH = YES;
				COPY_PHASE_STRIP = NO;
				DEBUG_INFORMATION_FORMAT = dwarf;
				ENABLE_STRICT_OBJC_MSGSEND = YES;
				ENABLE_TESTABILITY = YES;
				ENABLE_USER_SCRIPT_SANDBOXING = YES;
				GCC_C_LANGUAGE_STANDARD = gnu17;
				GCC_DYNAMIC_NO_PIC = NO;
				GCC_NO_COMMON_BLOCKS = YES;
				GCC_OPTIMIZATION_LEVEL = 0;
				GCC_PREPROCESSOR_DEFINITIONS = (
					"DEBUG=1",
					"$(inherited)",
				);
				GCC_WARN_64_TO_32_BIT_CONVERSION = YES;
				GCC_WARN_ABOUT_RETURN_TYPE = YES_ERROR;
				GCC_WARN_UNDECLARED_SELECTOR = YES;
				GCC_WARN_UNINITIALIZED_AUTOS = YES_AGGRESSIVE;
				GCC_WARN_UNUSED_FUNCTION = YES;
				GCC_WARN_UNUSED_VARIABLE = YES;
				IPHONEOS_DEPLOYMENT_TARGET = 17.0;
				LOCALIZATION_PREFERS_STRING_CATALOGS = YES;
				MTL_ENABLE_DEBUG_INFO = INCLUDE_SOURCE;
				MTL_FAST_MATH = YES;
				ONLY_ACTIVE_ARCH = YES;
				SDKROOT = iphoneos;
				SWIFT_ACTIVE_COMPILATION_CONDITIONS = "DEBUG $(inherited)";
				SWIFT_OPTIMIZATION_LEVEL = "-Onone";
			};
			name = Debug;
		};
		955721D02C77E8A000530DA2 /* Release */ = {
			isa = XCBuildConfiguration;
			buildSettings = {
				ALWAYS_SEARCH_USER_PATHS = NO;
				ASSETCATALOG_COMPILER_GENERATE_SWIFT_ASSET_SYMBOL_EXTENSIONS = YES;
				CLANG_ANALYZER_NONNULL = YES;
				CLANG_ANALYZER_NUMBER_OBJECT_CONVERSION = YES_AGGRESSIVE;
				CLANG_CXX_LANGUAGE_STANDARD = "gnu++20";
				CLANG_ENABLE_MODULES = YES;
				CLANG_ENABLE_OBJC_ARC = YES;
				CLANG_ENABLE_OBJC_WEAK = YES;
				CLANG_WARN_BLOCK_CAPTURE_AUTORELEASING = YES;
				CLANG_WARN_BOOL_CONVERSION = YES;
				CLANG_WARN_COMMA = YES;
				CLANG_WARN_CONSTANT_CONVERSION = YES;
				CLANG_WARN_DEPRECATED_OBJC_IMPLEMENTATIONS = YES;
				CLANG_WARN_DIRECT_OBJC_ISA_USAGE = YES_ERROR;
				CLANG_WARN_DOCUMENTATION_COMMENTS = YES;
				CLANG_WARN_EMPTY_BODY = YES;
				CLANG_WARN_ENUM_CONVERSION = YES;
				CLANG_WARN_INFINITE_RECURSION = YES;
				CLANG_WARN_INT_CONVERSION = YES;
				CLANG_WARN_NON_LITERAL_NULL_CONVERSION = YES;
				CLANG_WARN_OBJC_IMPLICIT_RETAIN_SELF = YES;
				CLANG_WARN_OBJC_LITERAL_CONVERSION = YES;
				CLANG_WARN_OBJC_ROOT_CLASS = YES_ERROR;
				CLANG_WARN_QUOTED_INCLUDE_IN_FRAMEWORK_HEADER = YES;
				CLANG_WARN_RANGE_LOOP_ANALYSIS = YES;
				CLANG_WARN_STRICT_PROTOTYPES = YES;
				CLANG_WARN_SUSPICIOUS_MOVE = YES;
				CLANG_WARN_UNGUARDED_AVAILABILITY = YES_AGGRESSIVE;
				CLANG_WARN_UNREACHABLE_CODE = YES;
				CLANG_WARN__DUPLICATE_METHOD_MATCH = YES;
				COPY_PHASE_STRIP = NO;
				DEBUG_INFORMATION_FORMAT = "dwarf-with-dsym";
				ENABLE_NS_ASSERTIONS = NO;
				ENABLE_STRICT_OBJC_MSGSEND = YES;
				ENABLE_USER_SCRIPT_SANDBOXING = YES;
				GCC_C_LANGUAGE_STANDARD = gnu17;
				GCC_NO_COMMON_BLOCKS = YES;
				GCC_WARN_64_TO_32_BIT_CONVERSION = YES;
				GCC_WARN_ABOUT_RETURN_TYPE = YES_ERROR;
				GCC_WARN_UNDECLARED_SELECTOR = YES;
				GCC_WARN_UNINITIALIZED_AUTOS = YES_AGGRESSIVE;
				GCC_WARN_UNUSED_FUNCTION = YES;
				GCC_WARN_UNUSED_VARIABLE = YES;
				IPHONEOS_DEPLOYMENT_TARGET = 17.0;
				LOCALIZATION_PREFERS_STRING_CATALOGS = YES;
				MTL_ENABLE_DEBUG_INFO = NO;
				MTL_FAST_MATH = YES;
				SDKROOT = iphoneos;
				SWIFT_COMPILATION_MODE = wholemodule;
				VALIDATE_PRODUCT = YES;
			};
			name = Release;
		};
		955721D22C77E8A000530DA2 /* Debug */ = {
			isa = XCBuildConfiguration;
			buildSettings = {
				ASSETCATALOG_COMPILER_APPICON_NAME = AppIcon;
				ASSETCATALOG_COMPILER_GLOBAL_ACCENT_COLOR_NAME = AccentColor;
				CODE_SIGN_STYLE = Automatic;
				CURRENT_PROJECT_VERSION = 1;
				DEVELOPMENT_TEAM = 4G9PKH759L;
				GENERATE_INFOPLIST_FILE = YES;
				INFOPLIST_FILE = task6revan/Info.plist;
				INFOPLIST_KEY_UIApplicationSupportsIndirectInputEvents = YES;
				INFOPLIST_KEY_UILaunchStoryboardName = LaunchScreen;
				INFOPLIST_KEY_UIMainStoryboardFile = TabBarViewController;
				INFOPLIST_KEY_UISupportedInterfaceOrientations_iPad = "UIInterfaceOrientationPortrait UIInterfaceOrientationPortraitUpsideDown UIInterfaceOrientationLandscapeLeft UIInterfaceOrientationLandscapeRight";
				INFOPLIST_KEY_UISupportedInterfaceOrientations_iPhone = "UIInterfaceOrientationPortrait UIInterfaceOrientationLandscapeLeft UIInterfaceOrientationLandscapeRight";
				LD_RUNPATH_SEARCH_PATHS = (
					"$(inherited)",
					"@executable_path/Frameworks",
				);
				MARKETING_VERSION = 1.0;
				PRODUCT_BUNDLE_IDENTIFIER = test.develop.task6revan;
				PRODUCT_NAME = "$(TARGET_NAME)";
				SWIFT_EMIT_LOC_STRINGS = YES;
				SWIFT_VERSION = 5.0;
				TARGETED_DEVICE_FAMILY = "1,2";
			};
			name = Debug;
		};
		955721D32C77E8A000530DA2 /* Release */ = {
			isa = XCBuildConfiguration;
			buildSettings = {
				ASSETCATALOG_COMPILER_APPICON_NAME = AppIcon;
				ASSETCATALOG_COMPILER_GLOBAL_ACCENT_COLOR_NAME = AccentColor;
				CODE_SIGN_STYLE = Automatic;
				CURRENT_PROJECT_VERSION = 1;
				DEVELOPMENT_TEAM = 4G9PKH759L;
				GENERATE_INFOPLIST_FILE = YES;
				INFOPLIST_FILE = task6revan/Info.plist;
				INFOPLIST_KEY_UIApplicationSupportsIndirectInputEvents = YES;
				INFOPLIST_KEY_UILaunchStoryboardName = LaunchScreen;
				INFOPLIST_KEY_UIMainStoryboardFile = TabBarViewController;
				INFOPLIST_KEY_UISupportedInterfaceOrientations_iPad = "UIInterfaceOrientationPortrait UIInterfaceOrientationPortraitUpsideDown UIInterfaceOrientationLandscapeLeft UIInterfaceOrientationLandscapeRight";
				INFOPLIST_KEY_UISupportedInterfaceOrientations_iPhone = "UIInterfaceOrientationPortrait UIInterfaceOrientationLandscapeLeft UIInterfaceOrientationLandscapeRight";
				LD_RUNPATH_SEARCH_PATHS = (
					"$(inherited)",
					"@executable_path/Frameworks",
				);
				MARKETING_VERSION = 1.0;
				PRODUCT_BUNDLE_IDENTIFIER = test.develop.task6revan;
				PRODUCT_NAME = "$(TARGET_NAME)";
				SWIFT_EMIT_LOC_STRINGS = YES;
				SWIFT_VERSION = 5.0;
				TARGETED_DEVICE_FAMILY = "1,2";
			};
			name = Release;
		};
/* End XCBuildConfiguration section */

/* Begin XCConfigurationList section */
		955721B82C77E89E00530DA2 /* Build configuration list for PBXProject "task6revan" */ = {
			isa = XCConfigurationList;
			buildConfigurations = (
				955721CF2C77E8A000530DA2 /* Debug */,
				955721D02C77E8A000530DA2 /* Release */,
			);
			defaultConfigurationIsVisible = 0;
			defaultConfigurationName = Release;
		};
		955721D12C77E8A000530DA2 /* Build configuration list for PBXNativeTarget "task6revan" */ = {
			isa = XCConfigurationList;
			buildConfigurations = (
				955721D22C77E8A000530DA2 /* Debug */,
				955721D32C77E8A000530DA2 /* Release */,
			);
			defaultConfigurationIsVisible = 0;
			defaultConfigurationName = Release;
		};
/* End XCConfigurationList section */
	};
	rootObject = 955721B52C77E89E00530DA2 /* Project object */;
}
